
Microsoft Visual Studio Solution File, Format Version 12.00
# Visual Studio Version 16
VisualStudioVersion = 16.0.29409.12
MinimumVisualStudioVersion = 10.0.40219.1
Project("{9A19103F-16F7-4668-BE54-9A1E7A4F7556}") = "PropertiesStringifier", "PropertiesStringifier\PropertiesStringifier.csproj", "{B3DFAC08-8E62-4715-8C22-C83DE7142C83}"
EndProject
Project("{FAE04EC0-301F-11D3-BF4B-00C04F79EFBC}") = "PropertiesStringifier.Tests", "PropertiesStringifier.Tests\PropertiesStringifier.Tests.csproj", "{F17CDE22-86D1-4C09-AA1D-9C6F41BC96B2}"
EndProject
Global
	GlobalSection(SolutionConfigurationPlatforms) = preSolution
		Debug|Any CPU = Debug|Any CPU
		Release|Any CPU = Release|Any CPU
	EndGlobalSection
	GlobalSection(ProjectConfigurationPlatforms) = postSolution
		{B3DFAC08-8E62-4715-8C22-C83DE7142C83}.Debug|Any CPU.ActiveCfg = Debug|Any CPU
		{B3DFAC08-8E62-4715-8C22-C83DE7142C83}.Debug|Any CPU.Build.0 = Debug|Any CPU
		{B3DFAC08-8E62-4715-8C22-C83DE7142C83}.Release|Any CPU.ActiveCfg = Release|Any CPU
		{B3DFAC08-8E62-4715-8C22-C83DE7142C83}.Release|Any CPU.Build.0 = Release|Any CPU
		{F17CDE22-86D1-4C09-AA1D-9C6F41BC96B2}.Debug|Any CPU.ActiveCfg = Debug|Any CPU
		{F17CDE22-86D1-4C09-AA1D-9C6F41BC96B2}.Debug|Any CPU.Build.0 = Debug|Any CPU
		{F17CDE22-86D1-4C09-AA1D-9C6F41BC96B2}.Release|Any CPU.ActiveCfg = Release|Any CPU
		{F17CDE22-86D1-4C09-AA1D-9C6F41BC96B2}.Release|Any CPU.Build.0 = Release|Any CPU
	EndGlobalSection
	GlobalSection(SolutionProperties) = preSolution
		HideSolutionNode = FALSE
	EndGlobalSection
	GlobalSection(ExtensibilityGlobals) = postSolution
		SolutionGuid = {BA042657-9D2E-4BA0-A327-D52F865F99F1}
	EndGlobalSection
EndGlobal
